{
  "version": 4,
  "terraform_version": "1.2.2",
  "serial": 8,
  "lineage": "c335654b-46a8-2950-5c4d-fd3220a113c8",
  "outputs": {},
  "resources": [
    {
      "mode": "managed",
      "type": "vcd_vapp",
      "name": "vApp-TR",
      "provider": "provider[\"registry.terraform.io/vmware/vcd\"]",
      "instances": [
        {
          "schema_version": 0,
          "attributes": {
            "description": "",
            "guest_properties": null,
            "href": "https://iaas.cloud.mts.ru/api/vApp/vapp-fe4581e6-9d43-4d4e-8169-1f712b7de6f1",
            "id": "urn:vcloud:vapp:fe4581e6-9d43-4d4e-8169-1f712b7de6f1",
            "lease": [
              {
                "runtime_lease_in_sec": 0,
                "storage_lease_in_sec": 0
              }
            ],
            "metadata": null,
            "name": "vApp-TR1",
            "org": null,
            "power_on": false,
            "status": 1,
            "status_text": "RESOLVED",
            "vdc": null
          },
          "sensitive_attributes": [],
          "private": "bnVsbA=="
        }
      ]
    },
    {
      "mode": "managed",
      "type": "vcd_vapp_vm",
      "name": "TR-VM1",
      "provider": "provider[\"registry.terraform.io/vmware/vcd\"]",
      "instances": [
        {
          "schema_version": 0,
          "attributes": {
            "accept_all_eulas": true,
            "boot_image": null,
            "catalog_name": "Linux (AVNTG)",
            "computer_name": "CENTOS7SRV",
            "cpu_cores": 2,
            "cpu_hot_add_enabled": false,
            "cpu_limit": null,
            "cpu_priority": "",
            "cpu_reservation": null,
            "cpu_shares": null,
            "cpus": 2,
            "customization": [
              {
                "admin_password": "$4aCBm%M",
                "allow_local_admin_password": true,
                "auto_generate_password": true,
                "change_sid": false,
                "enabled": true,
                "force": false,
                "initscript": "",
                "join_domain": false,
                "join_domain_account_ou": "",
                "join_domain_name": "",
                "join_domain_password": "",
                "join_domain_user": "",
                "join_org_domain": false,
                "must_change_password_on_first_login": false,
                "number_of_auto_logons": 0
              }
            ],
            "description": "CentOS 7 (2009) x86-64 Server English Updated 30.10.2021",
            "disk": [],
            "expose_hardware_virtualization": false,
            "guest_properties": null,
            "hardware_version": "vmx-15",
            "href": "https://iaas.cloud.mts.ru/api/vApp/vm-8ef43b17-6fee-426b-8594-07ab4b1ab21c",
            "id": "urn:vcloud:vm:8ef43b17-6fee-426b-8594-07ab4b1ab21c",
            "internal_disk": [
              {
                "bus_number": 0,
                "bus_type": "paravirtual",
                "disk_id": "2000",
                "iops": 0,
                "size_in_mb": 16384,
                "storage_profile": "99_SSD_Ultra_Policy",
                "thin_provisioned": true,
                "unit_number": 0
              }
            ],
            "memory": 2048,
            "memory_hot_add_enabled": false,
            "memory_limit": null,
            "memory_priority": "",
            "memory_reservation": null,
            "memory_shares": null,
            "metadata": null,
            "name": "TR-VM1",
            "network": [],
            "network_dhcp_wait_seconds": null,
            "org": null,
            "os_type": "centos7_64Guest",
            "override_template_disk": [],
            "power_on": true,
            "prevent_update_power_off": false,
            "sizing_policy_id": "urn:vcloud:vdcComputePolicy:d7c3d657-0feb-455b-8859-08716cd127bc",
            "storage_profile": "99_SSD_Ultra_Policy",
            "template_name": "CentOS-7-2009-x86-64-Eng-Server",
            "vapp_name": "vApp-TR1",
            "vdc": null,
            "vm_name_in_template": null,
            "vm_type": "vcd_vapp_vm"
          },
          "sensitive_attributes": [],
          "private": "bnVsbA==",
          "dependencies": [
            "vcd_vapp.vApp-TR"
          ]
        }
      ]
    }
  ]
}
