{
  "version": 4,
  "terraform_version": "1.2.2",
  "serial": 106,
  "lineage": "b773f73f-02fe-f321-1b36-9af15e78a211",
  "outputs": {
    "edge_gateway_id": {
      "value": "urn:vcloud:gateway:33acd7ff-f58c-43e0-b1a4-8fa170e77099",
      "type": "string"
    }
  },
  "resources": [
    {
      "mode": "data",
      "type": "vcd_edgegateway",
      "name": "aspop54_EdgeGW",
      "provider": "provider[\"registry.terraform.io/vmware/vcd\"]",
      "instances": [
        {
          "schema_version": 0,
          "attributes": {
            "configuration": "full",
            "default_external_network_ip": "89.22.181.250",
            "description": "",
            "distributed_routing": true,
            "external_network": [
              {
                "enable_rate_limit": true,
                "incoming_rate_limit": 100,
                "name": "ClientExternalNetwork_AVNTG",
                "outgoing_rate_limit": 100,
                "subnet": [
                  {
                    "gateway": "89.22.181.254",
                    "ip_address": "",
                    "netmask": "255.255.255.0",
                    "suballocate_pool": [
                      {
                        "end_address": "89.22.181.250",
                        "start_address": "89.22.181.250"
                      }
                    ],
                    "use_for_default_route": true
                  }
                ]
              }
            ],
            "external_network_ips": [
              "89.22.181.250"
            ],
            "filter": null,
            "fips_mode_enabled": false,
            "fw_default_rule_action": "deny",
            "fw_default_rule_logging_enabled": false,
            "fw_enabled": true,
            "ha_enabled": true,
            "id": "urn:vcloud:gateway:33acd7ff-f58c-43e0-b1a4-8fa170e77099",
            "lb_acceleration_enabled": false,
            "lb_enabled": false,
            "lb_logging_enabled": false,
            "lb_loglevel": "info",
            "name": "aspop54_EdgeGW",
            "org": null,
            "use_default_route_for_dns_relay": false,
            "vdc": null
          },
          "sensitive_attributes": []
        }
      ]
    },
    {
      "mode": "managed",
      "type": "vcd_network_routed_v2",
      "name": "Org-Net1",
      "provider": "provider[\"registry.terraform.io/vmware/vcd\"]",
      "instances": [
        {
          "schema_version": 0,
          "attributes": {
            "description": "Test",
            "dns1": "10.10.20.1",
            "dns2": "8.8.8.8",
            "dns_suffix": "",
            "edge_gateway_id": "urn:vcloud:gateway:33acd7ff-f58c-43e0-b1a4-8fa170e77099",
            "gateway": "10.10.20.1",
            "id": "urn:vcloud:network:832a12f1-db82-4991-b9b8-6a614f3ab2ef",
            "interface_type": "SUBINTERFACE",
            "metadata": null,
            "name": "Org-Net1",
            "org": null,
            "owner_id": "urn:vcloud:vdc:14a52a0d-b863-478c-b22b-15e2a18d8ce7",
            "prefix_length": 24,
            "static_ip_pool": [
              {
                "end_address": "10.10.20.254",
                "start_address": "10.10.20.2"
              }
            ],
            "vdc": "aspop54_VDC"
          },
          "sensitive_attributes": [],
          "private": "bnVsbA==",
          "dependencies": [
            "data.vcd_edgegateway.aspop54_EdgeGW"
          ]
        }
      ]
    },
    {
      "mode": "managed",
      "type": "vcd_network_routed_v2",
      "name": "Org-Net2",
      "provider": "provider[\"registry.terraform.io/vmware/vcd\"]",
      "instances": [
        {
          "schema_version": 0,
          "attributes": {
            "description": "Test",
            "dns1": "10.10.40.1",
            "dns2": "8.8.8.8",
            "dns_suffix": "",
            "edge_gateway_id": "urn:vcloud:gateway:33acd7ff-f58c-43e0-b1a4-8fa170e77099",
            "gateway": "10.10.40.1",
            "id": "urn:vcloud:network:06da5b95-82c8-47e6-9c77-0596ccbb8168",
            "interface_type": "SUBINTERFACE",
            "metadata": null,
            "name": "Org-Net2",
            "org": null,
            "owner_id": "urn:vcloud:vdc:14a52a0d-b863-478c-b22b-15e2a18d8ce7",
            "prefix_length": 24,
            "static_ip_pool": [
              {
                "end_address": "10.10.40.254",
                "start_address": "10.10.40.2"
              }
            ],
            "vdc": "aspop54_VDC"
          },
          "sensitive_attributes": [],
          "private": "bnVsbA==",
          "dependencies": [
            "data.vcd_edgegateway.aspop54_EdgeGW"
          ]
        }
      ]
    },
    {
      "mode": "managed",
      "type": "vcd_vapp",
      "name": "vApp-TR",
      "provider": "provider[\"registry.terraform.io/vmware/vcd\"]",
      "instances": [
        {
          "schema_version": 0,
          "attributes": {
            "description": "",
            "guest_properties": null,
            "href": "https://iaas.cloud.mts.ru/api/vApp/vapp-2ec81912-1083-4814-9bee-70960f8780f6",
            "id": "urn:vcloud:vapp:2ec81912-1083-4814-9bee-70960f8780f6",
            "lease": [
              {
                "runtime_lease_in_sec": 0,
                "storage_lease_in_sec": 0
              }
            ],
            "metadata": null,
            "name": "vApp-TR",
            "org": null,
            "power_on": true,
            "status": 4,
            "status_text": "POWERED_ON",
            "vdc": null
          },
          "sensitive_attributes": [],
          "private": "bnVsbA=="
        }
      ]
    },
    {
      "mode": "managed",
      "type": "vcd_vapp_network",
      "name": "vApp-Net",
      "provider": "provider[\"registry.terraform.io/vmware/vcd\"]",
      "instances": [
        {
          "schema_version": 0,
          "attributes": {
            "description": "",
            "dhcp_pool": [],
            "dns1": "10.10.30.1",
            "dns2": "10.10.10.1",
            "dns_suffix": "",
            "gateway": "10.10.30.1",
            "guest_vlan_allowed": false,
            "id": "urn:vcloud:network:81bf3e16-820f-4155-8cb5-a32a57bf5c05",
            "name": "vApp-Net",
            "netmask": "255.255.255.0",
            "org": null,
            "org_network_name": "test_net",
            "retain_ip_mac_enabled": false,
            "static_ip_pool": [
              {
                "end_address": "10.10.30.254",
                "start_address": "10.10.30.2"
              }
            ],
            "vapp_name": "vApp-TR",
            "vdc": null
          },
          "sensitive_attributes": [],
          "private": "bnVsbA==",
          "dependencies": [
            "vcd_vapp.vApp-TR"
          ]
        }
      ]
    },
    {
      "mode": "managed",
      "type": "vcd_vapp_vm",
      "name": "TR-VM1",
      "provider": "provider[\"registry.terraform.io/vmware/vcd\"]",
      "instances": []
    },
    {
      "mode": "managed",
      "type": "vcd_vapp_vm",
      "name": "TR-VM2",
      "provider": "provider[\"registry.terraform.io/vmware/vcd\"]",
      "instances": []
    }
  ]
}
