{
  "version": 4,
  "terraform_version": "1.2.2",
  "serial": 82,
  "lineage": "0330a28e-be41-de54-a830-353f8adda1ee",
  "outputs": {},
  "resources": [
    {
      "mode": "managed",
      "type": "vcd_nsxv_dnat",
      "name": "DNAT-TR-VM1",
      "provider": "provider[\"registry.terraform.io/vmware/vcd\"]",
      "instances": [
        {
          "schema_version": 0,
          "attributes": {
            "description": "DNAT-TR-VM1",
            "edge_gateway": "aspop54_test-EdgeGW",
            "enabled": true,
            "icmp_type": "",
            "id": "204822",
            "logging_enabled": false,
            "network_name": "ClientsExternalNetwork",
            "network_type": "ext",
            "org": null,
            "original_address": "176.118.21.50",
            "original_port": "2225",
            "protocol": "tcp",
            "rule_tag": 204822,
            "rule_type": "user",
            "translated_address": "10.10.0.5",
            "translated_port": "22",
            "vdc": null
          },
          "sensitive_attributes": [],
          "private": "bnVsbA=="
        }
      ]
    },
    {
      "mode": "managed",
      "type": "vcd_nsxv_dnat",
      "name": "DNAT-TR-VM2",
      "provider": "provider[\"registry.terraform.io/vmware/vcd\"]",
      "instances": [
        {
          "schema_version": 0,
          "attributes": {
            "description": "DNAT-TR-VM2",
            "edge_gateway": "aspop54_test-EdgeGW",
            "enabled": true,
            "icmp_type": "",
            "id": "204821",
            "logging_enabled": false,
            "network_name": "ClientsExternalNetwork",
            "network_type": "ext",
            "org": null,
            "original_address": "176.118.21.50",
            "original_port": "2226",
            "protocol": "tcp",
            "rule_tag": 204821,
            "rule_type": "user",
            "translated_address": "10.10.0.6",
            "translated_port": "22",
            "vdc": null
          },
          "sensitive_attributes": [],
          "private": "bnVsbA=="
        }
      ]
    },
    {
      "mode": "managed",
      "type": "vcd_nsxv_firewall_rule",
      "name": "Rule-TR-VM1",
      "provider": "provider[\"registry.terraform.io/vmware/vcd\"]",
      "instances": [
        {
          "schema_version": 0,
          "attributes": {
            "above_rule_id": null,
            "action": "accept",
            "destination": [
              {
                "exclude": false,
                "gateway_interfaces": null,
                "ip_addresses": [
                  "176.118.21.50"
                ],
                "ip_sets": null,
                "org_networks": null,
                "vm_ids": null
              }
            ],
            "edge_gateway": "aspop54_test-EdgeGW",
            "enabled": true,
            "id": "135189",
            "logging_enabled": false,
            "name": "SSH-TR-VM1",
            "org": null,
            "rule_tag": 135189,
            "rule_type": "user",
            "service": [
              {
                "port": "2225",
                "protocol": "tcp",
                "source_port": "any"
              }
            ],
            "source": [
              {
                "exclude": false,
                "gateway_interfaces": null,
                "ip_addresses": [
                  "any"
                ],
                "ip_sets": null,
                "org_networks": null,
                "vm_ids": null
              }
            ],
            "vdc": null
          },
          "sensitive_attributes": [],
          "private": "bnVsbA=="
        }
      ]
    },
    {
      "mode": "managed",
      "type": "vcd_nsxv_firewall_rule",
      "name": "Rule-TR-VM2",
      "provider": "provider[\"registry.terraform.io/vmware/vcd\"]",
      "instances": [
        {
          "schema_version": 0,
          "attributes": {
            "above_rule_id": null,
            "action": "accept",
            "destination": [
              {
                "exclude": false,
                "gateway_interfaces": null,
                "ip_addresses": [
                  "176.118.21.50"
                ],
                "ip_sets": null,
                "org_networks": null,
                "vm_ids": null
              }
            ],
            "edge_gateway": "aspop54_test-EdgeGW",
            "enabled": true,
            "id": "135190",
            "logging_enabled": false,
            "name": "SSH-TR-VM2",
            "org": null,
            "rule_tag": 135190,
            "rule_type": "user",
            "service": [
              {
                "port": "2226",
                "protocol": "tcp",
                "source_port": "any"
              }
            ],
            "source": [
              {
                "exclude": false,
                "gateway_interfaces": null,
                "ip_addresses": [
                  "any"
                ],
                "ip_sets": null,
                "org_networks": null,
                "vm_ids": null
              }
            ],
            "vdc": null
          },
          "sensitive_attributes": [],
          "private": "bnVsbA=="
        }
      ]
    },
    {
      "mode": "managed",
      "type": "vcd_vapp",
      "name": "vApp-TR",
      "provider": "provider[\"registry.terraform.io/vmware/vcd\"]",
      "instances": [
        {
          "schema_version": 0,
          "attributes": {
            "description": "",
            "guest_properties": null,
            "href": "https://iaas.nsk.cloud.mts.ru/api/vApp/vapp-bec51ed4-6577-4cdf-a202-1f9fbcfbb3b5",
            "id": "urn:vcloud:vapp:bec51ed4-6577-4cdf-a202-1f9fbcfbb3b5",
            "lease": [
              {
                "runtime_lease_in_sec": 0,
                "storage_lease_in_sec": 0
              }
            ],
            "metadata": null,
            "name": "vApp-TR",
            "org": null,
            "power_on": false,
            "status": 1,
            "status_text": "RESOLVED",
            "vdc": null
          },
          "sensitive_attributes": [],
          "private": "bnVsbA=="
        }
      ]
    },
    {
      "mode": "managed",
      "type": "vcd_vapp_org_network",
      "name": "Sub-Net-01",
      "provider": "provider[\"registry.terraform.io/vmware/vcd\"]",
      "instances": [
        {
          "schema_version": 0,
          "attributes": {
            "id": "urn:vcloud:network:63ca8586-30e9-4ec3-86c2-a19f865f96ea",
            "is_fenced": false,
            "org": null,
            "org_network_name": "Sub-Net-01",
            "retain_ip_mac_enabled": false,
            "vapp_name": "vApp-TR",
            "vdc": null
          },
          "sensitive_attributes": [],
          "private": "bnVsbA==",
          "dependencies": [
            "vcd_vapp.vApp-TR"
          ]
        }
      ]
    },
    {
      "mode": "managed",
      "type": "vcd_vapp_vm",
      "name": "TR-VM1",
      "provider": "provider[\"registry.terraform.io/vmware/vcd\"]",
      "instances": [
        {
          "schema_version": 0,
          "attributes": {
            "accept_all_eulas": true,
            "boot_image": null,
            "catalog_name": "Linux",
            "computer_name": "CENTOS7SRV",
            "cpu_cores": 2,
            "cpu_hot_add_enabled": false,
            "cpu_limit": null,
            "cpu_priority": "",
            "cpu_reservation": null,
            "cpu_shares": null,
            "cpus": 2,
            "customization": [
              {
                "admin_password": "Myaush2021",
                "allow_local_admin_password": true,
                "auto_generate_password": false,
                "change_sid": false,
                "enabled": true,
                "force": false,
                "initscript": "",
                "join_domain": false,
                "join_domain_account_ou": "",
                "join_domain_name": "",
                "join_domain_password": "",
                "join_domain_user": "",
                "join_org_domain": false,
                "must_change_password_on_first_login": false,
                "number_of_auto_logons": 0
              }
            ],
            "description": "CentOS 7 (2009) x86-64 Server English Updated 30.10.2021",
            "disk": [],
            "expose_hardware_virtualization": false,
            "guest_properties": {
              "guest.hostname": "C7-SRV01"
            },
            "hardware_version": "vmx-15",
            "href": "https://iaas.nsk.cloud.mts.ru/api/vApp/vm-40caf1b8-f12c-488f-a777-b15504f9644e",
            "id": "urn:vcloud:vm:40caf1b8-f12c-488f-a777-b15504f9644e",
            "internal_disk": [
              {
                "bus_number": 0,
                "bus_type": "paravirtual",
                "disk_id": "2000",
                "iops": 0,
                "size_in_mb": 20480,
                "storage_profile": "54_SSD_Ultra_Policy",
                "thin_provisioned": true,
                "unit_number": 0
              }
            ],
            "memory": 2048,
            "memory_hot_add_enabled": false,
            "memory_limit": null,
            "memory_priority": "",
            "memory_reservation": null,
            "memory_shares": null,
            "metadata": null,
            "name": "TR-VM1",
            "network": [
              {
                "adapter_type": "VMXNET3",
                "connected": true,
                "ip": "10.10.10.5",
                "ip_allocation_mode": "MANUAL",
                "is_primary": true,
                "mac": "00:50:56:01:a3:19",
                "name": "Sub-Net-01",
                "type": "org"
              }
            ],
            "network_dhcp_wait_seconds": null,
            "org": null,
            "os_type": "centos7_64Guest",
            "override_template_disk": [
              {
                "bus_number": 0,
                "bus_type": "paravirtual",
                "iops": null,
                "size_in_mb": 20480,
                "storage_profile": "54_SSD_Ultra_Policy",
                "unit_number": 0
              }
            ],
            "power_on": true,
            "prevent_update_power_off": false,
            "sizing_policy_id": "urn:vcloud:vdcComputePolicy:78a770fc-d94e-406c-968b-f9c18dc01e2c",
            "storage_profile": "54_SSD_Basic_Policy",
            "template_name": "CentOS-7-2009-x86-64-Eng-Server",
            "vapp_name": "vApp-TR",
            "vdc": null,
            "vm_name_in_template": null,
            "vm_type": "vcd_vapp_vm"
          },
          "sensitive_attributes": [],
          "private": "bnVsbA==",
          "dependencies": [
            "vcd_vapp.vApp-TR",
            "vcd_vapp_org_network.Sub-Net-01"
          ]
        }
      ]
    },
    {
      "mode": "managed",
      "type": "vcd_vapp_vm",
      "name": "TR-VM2",
      "provider": "provider[\"registry.terraform.io/vmware/vcd\"]",
      "instances": [
        {
          "schema_version": 0,
          "attributes": {
            "accept_all_eulas": true,
            "boot_image": null,
            "catalog_name": "Linux",
            "computer_name": "CENTOS7SRV",
            "cpu_cores": 2,
            "cpu_hot_add_enabled": false,
            "cpu_limit": null,
            "cpu_priority": "",
            "cpu_reservation": null,
            "cpu_shares": null,
            "cpus": 2,
            "customization": [
              {
                "admin_password": "Myaush2021",
                "allow_local_admin_password": true,
                "auto_generate_password": false,
                "change_sid": false,
                "enabled": true,
                "force": false,
                "initscript": "",
                "join_domain": false,
                "join_domain_account_ou": "",
                "join_domain_name": "",
                "join_domain_password": "",
                "join_domain_user": "",
                "join_org_domain": false,
                "must_change_password_on_first_login": false,
                "number_of_auto_logons": 0
              }
            ],
            "description": "CentOS 7 (2009) x86-64 Server English Updated 30.10.2021",
            "disk": [],
            "expose_hardware_virtualization": false,
            "guest_properties": {
              "guest.hostname": "C7-SRV02"
            },
            "hardware_version": "vmx-15",
            "href": "https://iaas.nsk.cloud.mts.ru/api/vApp/vm-be177458-0373-49ea-b89a-990e1600b21d",
            "id": "urn:vcloud:vm:be177458-0373-49ea-b89a-990e1600b21d",
            "internal_disk": [
              {
                "bus_number": 0,
                "bus_type": "paravirtual",
                "disk_id": "2000",
                "iops": 0,
                "size_in_mb": 20480,
                "storage_profile": "54_SSD_Ultra_Policy",
                "thin_provisioned": true,
                "unit_number": 0
              }
            ],
            "memory": 2048,
            "memory_hot_add_enabled": false,
            "memory_limit": null,
            "memory_priority": "",
            "memory_reservation": null,
            "memory_shares": null,
            "metadata": null,
            "name": "TR-VM2",
            "network": [
              {
                "adapter_type": "VMXNET3",
                "connected": true,
                "ip": "10.10.10.6",
                "ip_allocation_mode": "MANUAL",
                "is_primary": true,
                "mac": "00:50:56:01:a3:17",
                "name": "Sub-Net-01",
                "type": "org"
              }
            ],
            "network_dhcp_wait_seconds": null,
            "org": null,
            "os_type": "centos7_64Guest",
            "override_template_disk": [
              {
                "bus_number": 0,
                "bus_type": "paravirtual",
                "iops": null,
                "size_in_mb": 20480,
                "storage_profile": "54_SSD_Ultra_Policy",
                "unit_number": 0
              }
            ],
            "power_on": true,
            "prevent_update_power_off": false,
            "sizing_policy_id": "urn:vcloud:vdcComputePolicy:78a770fc-d94e-406c-968b-f9c18dc01e2c",
            "storage_profile": "54_SSD_Basic_Policy",
            "template_name": "CentOS-7-2009-x86-64-Eng-Server",
            "vapp_name": "vApp-TR",
            "vdc": null,
            "vm_name_in_template": null,
            "vm_type": "vcd_vapp_vm"
          },
          "sensitive_attributes": [],
          "private": "bnVsbA==",
          "dependencies": [
            "vcd_vapp.vApp-TR",
            "vcd_vapp_org_network.Sub-Net-01"
          ]
        }
      ]
    },
    {
      "mode": "managed",
      "type": "vcd_vm_internal_disk",
      "name": "Disk",
      "provider": "provider[\"registry.terraform.io/vmware/vcd\"]",
      "instances": [
        {
          "schema_version": 0,
          "attributes": {
            "allow_vm_reboot": true,
            "bus_number": 0,
            "bus_type": "paravirtual",
            "id": "2001",
            "iops": 0,
            "org": null,
            "size_in_mb": 20480,
            "storage_profile": "54_SSD_Basic_Policy",
            "thin_provisioned": true,
            "unit_number": 1,
            "vapp_name": "vApp-TR",
            "vdc": null,
            "vm_name": "TR-VM1"
          },
          "sensitive_attributes": [],
          "private": "bnVsbA==",
          "dependencies": [
            "vcd_vapp.vApp-TR",
            "vcd_vapp_org_network.Sub-Net-01",
            "vcd_vapp_vm.TR-VM1"
          ]
        }
      ]
    },
    {
      "mode": "managed",
      "type": "vcd_vm_internal_disk",
      "name": "Disk2",
      "provider": "provider[\"registry.terraform.io/vmware/vcd\"]",
      "instances": [
        {
          "schema_version": 0,
          "attributes": {
            "allow_vm_reboot": true,
            "bus_number": 0,
            "bus_type": "paravirtual",
            "id": "2001",
            "iops": 0,
            "org": null,
            "size_in_mb": 20480,
            "storage_profile": "54_SSD_Basic_Policy",
            "thin_provisioned": true,
            "unit_number": 1,
            "vapp_name": "vApp-TR",
            "vdc": null,
            "vm_name": "TR-VM2"
          },
          "sensitive_attributes": [],
          "private": "bnVsbA==",
          "dependencies": [
            "vcd_vapp.vApp-TR",
            "vcd_vapp_org_network.Sub-Net-01",
            "vcd_vapp_vm.TR-VM2"
          ]
        }
      ]
    }
  ]
}
